
Microsoft Visual Studio Solution File, Format Version 12.00
# Visual Studio Version 17
VisualStudioVersion = 17.11.35327.3
MinimumVisualStudioVersion = 10.0.40219.1
Project("{8BC9CEB8-8B4A-11D0-8D11-00A0C91BC942}") = "Pj6.4(rek", "Pj6.4(rek\Pj6.4(rek.vcxproj", "{B56B6982-5ABE-4C36-B506-5774B8FA0400}"
EndProject
Global
	GlobalSection(SolutionConfigurationPlatforms) = preSolution
		Debug|x64 = Debug|x64
		Debug|x86 = Debug|x86
		Release|x64 = Release|x64
		Release|x86 = Release|x86
	EndGlobalSection
	GlobalSection(ProjectConfigurationPlatforms) = postSolution
		{B56B6982-5ABE-4C36-B506-5774B8FA0400}.Debug|x64.ActiveCfg = Debug|x64
		{B56B6982-5ABE-4C36-B506-5774B8FA0400}.Debug|x64.Build.0 = Debug|x64
		{B56B6982-5ABE-4C36-B506-5774B8FA0400}.Debug|x86.ActiveCfg = Debug|Win32
		{B56B6982-5ABE-4C36-B506-5774B8FA0400}.Debug|x86.Build.0 = Debug|Win32
		{B56B6982-5ABE-4C36-B506-5774B8FA0400}.Release|x64.ActiveCfg = Release|x64
		{B56B6982-5ABE-4C36-B506-5774B8FA0400}.Release|x64.Build.0 = Release|x64
		{B56B6982-5ABE-4C36-B506-5774B8FA0400}.Release|x86.ActiveCfg = Release|Win32
		{B56B6982-5ABE-4C36-B506-5774B8FA0400}.Release|x86.Build.0 = Release|Win32
	EndGlobalSection
	GlobalSection(SolutionProperties) = preSolution
		HideSolutionNode = FALSE
	EndGlobalSection
	GlobalSection(ExtensibilityGlobals) = postSolution
		SolutionGuid = {8FED2226-57AB-49D0-B58F-D22C2A99A36F}
	EndGlobalSection
EndGlobal
